# @generated - this file is auto-generated by `mise lock` https://mise.jdx.dev/dev-tools/mise-lock.html

[[tools.actionlint]]
version = "1.7.12"
backend = "aqua:rhysd/actionlint"

[tools.actionlint."platforms.linux-arm64"]
checksum = "sha256:325e971b6ba9bfa504672e29be93c24981eeb1c07576d730e9f7c8805afff0c6"
url = "https://github.com/rhysd/actionlint/releases/download/v1.7.12/actionlint_1.7.12_linux_arm64.tar.gz"
provenance = "github-attestations"

[tools.actionlint."platforms.linux-arm64-musl"]
checksum = "sha256:325e971b6ba9bfa504672e29be93c24981eeb1c07576d730e9f7c8805afff0c6"
url = "https://github.com/rhysd/actionlint/releases/download/v1.7.12/actionlint_1.7.12_linux_arm64.tar.gz"
provenance = "github-attestations"

[tools.actionlint."platforms.linux-x64"]
checksum = "sha256:8aca8db96f1b94770f1b0d72b6dddcb1ebb8123cb3712530b08cc387b349a3d8"
url = "https://github.com/rhysd/actionlint/releases/download/v1.7.12/actionlint_1.7.12_linux_amd64.tar.gz"
provenance = "github-attestations"

[tools.actionlint."platforms.linux-x64-musl"]
checksum = "sha256:8aca8db96f1b94770f1b0d72b6dddcb1ebb8123cb3712530b08cc387b349a3d8"
url = "https://github.com/rhysd/actionlint/releases/download/v1.7.12/actionlint_1.7.12_linux_amd64.tar.gz"
provenance = "github-attestations"

[tools.actionlint."platforms.macos-arm64"]
checksum = "sha256:aba9ced2dee8d27fecca3dc7feb1a7f9a52caefa1eb46f3271ea66b6e0e6953f"
url = "https://github.com/rhysd/actionlint/releases/download/v1.7.12/actionlint_1.7.12_darwin_arm64.tar.gz"
provenance = "github-attestations"

[tools.actionlint."platforms.macos-x64"]
checksum = "sha256:5b44c3bc2255115c9b69e30efc0fecdf498fdb63c5d58e17084fd5f16324c644"
url = "https://github.com/rhysd/actionlint/releases/download/v1.7.12/actionlint_1.7.12_darwin_amd64.tar.gz"
provenance = "github-attestations"

[tools.actionlint."platforms.windows-x64"]
checksum = "sha256:6e7241b51e6817ea6a047693d8e6fed13b31819c9a0dd6c5a726e1592d22f6e9"
url = "https://github.com/rhysd/actionlint/releases/download/v1.7.12/actionlint_1.7.12_windows_amd64.zip"
provenance = "github-attestations"

[[tools.hk]]
version = "1.43.0"
backend = "aqua:jdx/hk"

[tools.hk."platforms.linux-arm64"]
checksum = "sha256:f3efa8f95505178bf0ec807ce468b31ada5f7379b9089828487b0c9e67fd67b1"
url = "https://github.com/jdx/hk/releases/download/v1.43.0/hk-aarch64-unknown-linux-gnu.tar.gz"

[tools.hk."platforms.linux-arm64-musl"]
checksum = "sha256:f3efa8f95505178bf0ec807ce468b31ada5f7379b9089828487b0c9e67fd67b1"
url = "https://github.com/jdx/hk/releases/download/v1.43.0/hk-aarch64-unknown-linux-gnu.tar.gz"

[tools.hk."platforms.linux-x64"]
checksum = "sha256:66ecbba59208e591101c83148708363e0b6dc4a5df1d41e0bcdbbdd27788f999"
url = "https://github.com/jdx/hk/releases/download/v1.43.0/hk-x86_64-unknown-linux-gnu.tar.gz"

[tools.hk."platforms.linux-x64-musl"]
checksum = "sha256:66ecbba59208e591101c83148708363e0b6dc4a5df1d41e0bcdbbdd27788f999"
url = "https://github.com/jdx/hk/releases/download/v1.43.0/hk-x86_64-unknown-linux-gnu.tar.gz"

[tools.hk."platforms.macos-arm64"]
checksum = "sha256:7999590e3571b87db3b79b878afd45afc5b7a301c59ee6f28fde0056956e0aeb"
url = "https://github.com/jdx/hk/releases/download/v1.43.0/hk-aarch64-apple-darwin.tar.gz"

[tools.hk."platforms.windows-x64"]
checksum = "sha256:cf053945bb446175fa4ce1f28fd9fcf0d24b4548cf7043cdd869249c1ff69d8d"
url = "https://github.com/jdx/hk/releases/download/v1.43.0/hk-x86_64-pc-windows-msvc.zip"

[[tools.lua]]
version = "5.4.8"
backend = "vfox:mise-plugins/vfox-lua"

[tools.lua."platforms.linux-arm64"]
url = "https://www.lua.org/ftp/lua-5.4.8.tar.gz"

[tools.lua."platforms.linux-arm64-musl"]
url = "https://www.lua.org/ftp/lua-5.4.8.tar.gz"

[tools.lua."platforms.linux-x64"]
url = "https://www.lua.org/ftp/lua-5.4.8.tar.gz"

[tools.lua."platforms.linux-x64-musl"]
url = "https://www.lua.org/ftp/lua-5.4.8.tar.gz"

[tools.lua."platforms.macos-arm64"]
url = "https://www.lua.org/ftp/lua-5.4.8.tar.gz"

[tools.lua."platforms.macos-x64"]
url = "https://www.lua.org/ftp/lua-5.4.8.tar.gz"

[tools.lua."platforms.windows-x64"]
url = "https://www.lua.org/ftp/lua-5.4.8.tar.gz"

[[tools.lua-language-server]]
version = "3.18.2"
backend = "aqua:LuaLS/lua-language-server"

[tools.lua-language-server."platforms.linux-arm64"]
checksum = "sha256:273af33f26f4a1143f27c96d9f9e1188aba619c71e0807042134f66b4bd27f24"
url = "https://github.com/LuaLS/lua-language-server/releases/download/3.18.2/lua-language-server-3.18.2-linux-arm64.tar.gz"

[tools.lua-language-server."platforms.linux-arm64-musl"]
checksum = "sha256:273af33f26f4a1143f27c96d9f9e1188aba619c71e0807042134f66b4bd27f24"
url = "https://github.com/LuaLS/lua-language-server/releases/download/3.18.2/lua-language-server-3.18.2-linux-arm64.tar.gz"

[tools.lua-language-server."platforms.linux-x64"]
checksum = "sha256:ca71415dd19f19e30aaa35a4915aefca9fdb5fec31b98331cc3d77f778d539c5"
url = "https://github.com/LuaLS/lua-language-server/releases/download/3.18.2/lua-language-server-3.18.2-linux-x64.tar.gz"

[tools.lua-language-server."platforms.linux-x64-musl"]
checksum = "sha256:ca71415dd19f19e30aaa35a4915aefca9fdb5fec31b98331cc3d77f778d539c5"
url = "https://github.com/LuaLS/lua-language-server/releases/download/3.18.2/lua-language-server-3.18.2-linux-x64.tar.gz"

[tools.lua-language-server."platforms.macos-arm64"]
checksum = "sha256:cec99d70b1f612acec4a10a79a03664e3aa0c229d4d8a586cb3f928ec37d509e"
url = "https://github.com/LuaLS/lua-language-server/releases/download/3.18.2/lua-language-server-3.18.2-darwin-arm64.tar.gz"

[tools.lua-language-server."platforms.macos-x64"]
checksum = "sha256:e26cfefe423dd7326fc7c649539e4d4aaa4f35f34d2fefd8af2ed7090b72c556"
url = "https://github.com/LuaLS/lua-language-server/releases/download/3.18.2/lua-language-server-3.18.2-darwin-x64.tar.gz"

[tools.lua-language-server."platforms.windows-x64"]
checksum = "sha256:a4439a8f5e8e9e6505c11f045a7bf45db602124a1e246371c1dbe34924f3cf71"
url = "https://github.com/LuaLS/lua-language-server/releases/download/3.18.2/lua-language-server-3.18.2-win32-x64.zip"

[[tools.pkl]]
version = "0.31.1"
backend = "aqua:apple/pkl"

[tools.pkl."platforms.linux-arm64"]
checksum = "sha256:7ef10e743daa921fb94ae7bdb9ec6986f362bf250c55814b9ea2aeb13f2d083e"
url = "https://github.com/apple/pkl/releases/download/0.31.1/pkl-linux-aarch64"

[tools.pkl."platforms.linux-arm64-musl"]
checksum = "sha256:7ef10e743daa921fb94ae7bdb9ec6986f362bf250c55814b9ea2aeb13f2d083e"
url = "https://github.com/apple/pkl/releases/download/0.31.1/pkl-linux-aarch64"

[tools.pkl."platforms.linux-x64"]
checksum = "sha256:618f13955d755cafbfe8c9cba1d27635848cd49dbc6abffd398d2751db1231bf"
url = "https://github.com/apple/pkl/releases/download/0.31.1/pkl-linux-amd64"

[tools.pkl."platforms.linux-x64-musl"]
checksum = "sha256:618f13955d755cafbfe8c9cba1d27635848cd49dbc6abffd398d2751db1231bf"
url = "https://github.com/apple/pkl/releases/download/0.31.1/pkl-linux-amd64"

[tools.pkl."platforms.macos-arm64"]
checksum = "sha256:1b6a5438d9624cd2798a7530721bbbfa27ef72efe5c878a1b6c546c6e7ca0e8f"
url = "https://github.com/apple/pkl/releases/download/0.31.1/pkl-macos-aarch64"

[tools.pkl."platforms.macos-x64"]
checksum = "sha256:22123ed4ae4c03afa8c54c69f77f0bec39b0fa0f67b09d6d148e0a376a2a471d"
url = "https://github.com/apple/pkl/releases/download/0.31.1/pkl-macos-amd64"

[tools.pkl."platforms.windows-x64"]
checksum = "sha256:a8834481667325b44c539dbb758d7365a16389070f343c04b639bbe525ede013"
url = "https://github.com/apple/pkl/releases/download/0.31.1/pkl-windows-amd64.exe"

[[tools.stylua]]
version = "2.4.1"
backend = "aqua:JohnnyMorganz/StyLua"

[tools.stylua."platforms.linux-arm64"]
checksum = "sha256:ce8363cf77fb88f31e5cd8fe4cd8a61ff63ac0483bc5e38a1e24c5a894f04035"
url = "https://github.com/JohnnyMorganz/StyLua/releases/download/v2.4.1/stylua-linux-aarch64.zip"

[tools.stylua."platforms.linux-arm64-musl"]
checksum = "sha256:ce8363cf77fb88f31e5cd8fe4cd8a61ff63ac0483bc5e38a1e24c5a894f04035"
url = "https://github.com/JohnnyMorganz/StyLua/releases/download/v2.4.1/stylua-linux-aarch64.zip"

[tools.stylua."platforms.linux-x64"]
checksum = "sha256:cb9280d967a3f83e443b354a6497b562de4acc1daccf4456df0f7232653d3843"
url = "https://github.com/JohnnyMorganz/StyLua/releases/download/v2.4.1/stylua-linux-x86_64-musl.zip"

[tools.stylua."platforms.linux-x64-musl"]
checksum = "sha256:cb9280d967a3f83e443b354a6497b562de4acc1daccf4456df0f7232653d3843"
url = "https://github.com/JohnnyMorganz/StyLua/releases/download/v2.4.1/stylua-linux-x86_64-musl.zip"

[tools.stylua."platforms.macos-arm64"]
checksum = "sha256:c1680c337c8d799b4226a10e8ac6744606fd00b01eb3046120b5226e31306809"
url = "https://github.com/JohnnyMorganz/StyLua/releases/download/v2.4.1/stylua-macos-aarch64.zip"

[tools.stylua."platforms.macos-x64"]
checksum = "sha256:985dc2c791ef5f0bfbaea99f18b01322613f5c6985979a8346c346a341043331"
url = "https://github.com/JohnnyMorganz/StyLua/releases/download/v2.4.1/stylua-macos-x86_64.zip"

[tools.stylua."platforms.windows-x64"]
checksum = "sha256:9b1627b6034aa7ea0ce80485d2a07e777447548839a40acda6e30824a2bba07a"
url = "https://github.com/JohnnyMorganz/StyLua/releases/download/v2.4.1/stylua-windows-x86_64.zip"
